
Microsoft Visual Studio Solution File, Format Version 12.00
# Visual Studio Version 17
VisualStudioVersion = 17.0.31903.59
MinimumVisualStudioVersion = 10.0.40219.1
Project("{FAE04EC0-301F-11D3-BF4B-00C04F79EFBC}") = "PersonalDictionary.Core", "PersonalDictionary.Core\PersonalDictionary.Core.csproj", "{7EF7DD8E-ECF5-4B9E-8DC1-35BB8155CC28}"
EndProject
Project("{FAE04EC0-301F-11D3-BF4B-00C04F79EFBC}") = "PersonalDictionary.Desktop", "PersonalDictionary.Desktop\PersonalDictionary.Desktop.csproj", "{15DF5CDC-FE0E-43A8-9A5E-CB1D99931BE8}"
EndProject
Global
	GlobalSection(SolutionConfigurationPlatforms) = preSolution
		Debug|Any CPU = Debug|Any CPU
		Debug|x64 = Debug|x64
		Debug|x86 = Debug|x86
		Release|Any CPU = Release|Any CPU
		Release|x64 = Release|x64
		Release|x86 = Release|x86
	EndGlobalSection
	GlobalSection(ProjectConfigurationPlatforms) = postSolution
		{7EF7DD8E-ECF5-4B9E-8DC1-35BB8155CC28}.Debug|Any CPU.ActiveCfg = Debug|Any CPU
		{7EF7DD8E-ECF5-4B9E-8DC1-35BB8155CC28}.Debug|Any CPU.Build.0 = Debug|Any CPU
		{7EF7DD8E-ECF5-4B9E-8DC1-35BB8155CC28}.Debug|x64.ActiveCfg = Debug|Any CPU
		{7EF7DD8E-ECF5-4B9E-8DC1-35BB8155CC28}.Debug|x64.Build.0 = Debug|Any CPU
		{7EF7DD8E-ECF5-4B9E-8DC1-35BB8155CC28}.Debug|x86.ActiveCfg = Debug|Any CPU
		{7EF7DD8E-ECF5-4B9E-8DC1-35BB8155CC28}.Debug|x86.Build.0 = Debug|Any CPU
		{7EF7DD8E-ECF5-4B9E-8DC1-35BB8155CC28}.Release|Any CPU.ActiveCfg = Release|Any CPU
		{7EF7DD8E-ECF5-4B9E-8DC1-35BB8155CC28}.Release|Any CPU.Build.0 = Release|Any CPU
		{7EF7DD8E-ECF5-4B9E-8DC1-35BB8155CC28}.Release|x64.ActiveCfg = Release|Any CPU
		{7EF7DD8E-ECF5-4B9E-8DC1-35BB8155CC28}.Release|x64.Build.0 = Release|Any CPU
		{7EF7DD8E-ECF5-4B9E-8DC1-35BB8155CC28}.Release|x86.ActiveCfg = Release|Any CPU
		{7EF7DD8E-ECF5-4B9E-8DC1-35BB8155CC28}.Release|x86.Build.0 = Release|Any CPU
		{15DF5CDC-FE0E-43A8-9A5E-CB1D99931BE8}.Debug|Any CPU.ActiveCfg = Debug|Any CPU
		{15DF5CDC-FE0E-43A8-9A5E-CB1D99931BE8}.Debug|Any CPU.Build.0 = Debug|Any CPU
		{15DF5CDC-FE0E-43A8-9A5E-CB1D99931BE8}.Debug|x64.ActiveCfg = Debug|Any CPU
		{15DF5CDC-FE0E-43A8-9A5E-CB1D99931BE8}.Debug|x64.Build.0 = Debug|Any CPU
		{15DF5CDC-FE0E-43A8-9A5E-CB1D99931BE8}.Debug|x86.ActiveCfg = Debug|Any CPU
		{15DF5CDC-FE0E-43A8-9A5E-CB1D99931BE8}.Debug|x86.Build.0 = Debug|Any CPU
		{15DF5CDC-FE0E-43A8-9A5E-CB1D99931BE8}.Release|Any CPU.ActiveCfg = Release|Any CPU
		{15DF5CDC-FE0E-43A8-9A5E-CB1D99931BE8}.Release|Any CPU.Build.0 = Release|Any CPU
		{15DF5CDC-FE0E-43A8-9A5E-CB1D99931BE8}.Release|x64.ActiveCfg = Release|Any CPU
		{15DF5CDC-FE0E-43A8-9A5E-CB1D99931BE8}.Release|x64.Build.0 = Release|Any CPU
		{15DF5CDC-FE0E-43A8-9A5E-CB1D99931BE8}.Release|x86.ActiveCfg = Release|Any CPU
		{15DF5CDC-FE0E-43A8-9A5E-CB1D99931BE8}.Release|x86.Build.0 = Release|Any CPU
	EndGlobalSection
	GlobalSection(SolutionProperties) = preSolution
		HideSolutionNode = FALSE
	EndGlobalSection
EndGlobal
